schema: '2.0'
stages:
  create_fold1@BF-C2DL-HSC:
    cmd: silver-preprocessing create-dataset-dataframe 
      data/synchronized_data/BF-C2DL-HSC --output_path 
      data/dataframes/BF-C2DL-HSC_split_fold-1.parquet --split-mode fold-1 
      --split-ratios "80,20"
    deps:
    - path: data/synchronized_data/BF-C2DL-HSC
      hash: md5
      md5: 100200562bdf5a6b7b1e8fc5eee4034b.dir
      size: 1821485618
      nfiles: 24754
    - path: src/silver_truth/cli/preprocessing.py
      hash: md5
      md5: 00f071345ae1ca697edfcdd045acd46a
      size: 7509
    - path: src/silver_truth/data_processing/utils/dataset_dataframe_creation.py
      hash: md5
      md5: d9cba4872725db6ea70e77295e5cb71f
      size: 20607
    outs:
    - path: data/dataframes/BF-C2DL-HSC_split_fold-1.parquet
      hash: md5
      md5: 9c105bfb15a7fb08214c400e2d59aeb9
      size: 259733
  create_fold1@BF-C2DL-MuSC:
    cmd: silver-preprocessing create-dataset-dataframe 
      data/synchronized_data/BF-C2DL-MuSC --output_path 
      data/dataframes/BF-C2DL-MuSC_split_fold-1.parquet --split-mode fold-1 
      --split-ratios "80,20"
    deps:
    - path: data/synchronized_data/BF-C2DL-MuSC
      hash: md5
      md5: c73a15e6040544d038f40f4c729b1a1a.dir
      size: 4576231077
      nfiles: 19371
    - path: src/silver_truth/cli/preprocessing.py
      hash: md5
      md5: 00f071345ae1ca697edfcdd045acd46a
      size: 7509
    - path: src/silver_truth/data_processing/utils/dataset_dataframe_creation.py
      hash: md5
      md5: d9cba4872725db6ea70e77295e5cb71f
      size: 20607
    outs:
    - path: data/dataframes/BF-C2DL-MuSC_split_fold-1.parquet
      hash: md5
      md5: 5b03f623c5d0a83a6b515fc3c42722eb
      size: 179820
  create_fold2@BF-C2DL-HSC:
    cmd: silver-preprocessing create-dataset-dataframe 
      data/synchronized_data/BF-C2DL-HSC --output_path 
      data/dataframes/BF-C2DL-HSC_split_fold-2.parquet --split-mode fold-2 
      --split-ratios "80,20"
    deps:
    - path: data/synchronized_data/BF-C2DL-HSC
      hash: md5
      md5: 100200562bdf5a6b7b1e8fc5eee4034b.dir
      size: 1821485618
      nfiles: 24754
    - path: src/silver_truth/cli/preprocessing.py
      hash: md5
      md5: 00f071345ae1ca697edfcdd045acd46a
      size: 7509
    - path: src/silver_truth/data_processing/utils/dataset_dataframe_creation.py
      hash: md5
      md5: d9cba4872725db6ea70e77295e5cb71f
      size: 20607
    outs:
    - path: data/dataframes/BF-C2DL-HSC_split_fold-2.parquet
      hash: md5
      md5: 112298756e1522f7c7aae715f920a194
      size: 259723
  create_fold2@BF-C2DL-MuSC:
    cmd: silver-preprocessing create-dataset-dataframe 
      data/synchronized_data/BF-C2DL-MuSC --output_path 
      data/dataframes/BF-C2DL-MuSC_split_fold-2.parquet --split-mode fold-2 
      --split-ratios "80,20"
    deps:
    - path: data/synchronized_data/BF-C2DL-MuSC
      hash: md5
      md5: c73a15e6040544d038f40f4c729b1a1a.dir
      size: 4576231077
      nfiles: 19371
    - path: src/silver_truth/cli/preprocessing.py
      hash: md5
      md5: 00f071345ae1ca697edfcdd045acd46a
      size: 7509
    - path: src/silver_truth/data_processing/utils/dataset_dataframe_creation.py
      hash: md5
      md5: d9cba4872725db6ea70e77295e5cb71f
      size: 20607
    outs:
    - path: data/dataframes/BF-C2DL-MuSC_split_fold-2.parquet
      hash: md5
      md5: cfab4e06cd800abe00b50fcdcec14b77
      size: 179808
  create_mixed@BF-C2DL-HSC:
    cmd: silver-preprocessing create-dataset-dataframe 
      data/synchronized_data/BF-C2DL-HSC --output_path 
      data/dataframes/BF-C2DL-HSC_split_mixed.parquet --split-mode mixed 
      --split-ratios "70,15,15"
    deps:
    - path: data/synchronized_data/BF-C2DL-HSC
      hash: md5
      md5: 100200562bdf5a6b7b1e8fc5eee4034b.dir
      size: 1821485618
      nfiles: 24754
    - path: src/silver_truth/cli/preprocessing.py
      hash: md5
      md5: 00f071345ae1ca697edfcdd045acd46a
      size: 7509
    - path: src/silver_truth/data_processing/utils/dataset_dataframe_creation.py
      hash: md5
      md5: d9cba4872725db6ea70e77295e5cb71f
      size: 20607
    outs:
    - path: data/dataframes/BF-C2DL-HSC_split_mixed.parquet
      hash: md5
      md5: dbda6638998b1b4bde11292b14ddb590
      size: 258833
